{
  "nodes": {
    "auto-cpufreq": {
      "inputs": {
        "nixpkgs": [
          "nixpkgs"
        ]
      },
      "locked": {
        "lastModified": 1710805067,
        "narHash": "sha256-FO3IBvgWLkyof98A1ucq45BRfDP+/85QwXoMIxteukA=",
        "owner": "AdnanHodzic",
        "repo": "auto-cpufreq",
        "rev": "215026ad43a5398cbe2b5e485514feafba8aadd7",
        "type": "github"
      },
      "original": {
        "owner": "AdnanHodzic",
        "repo": "auto-cpufreq",
        "type": "github"
      }
    },
    "flake-compat": {
      "flake": false,
      "locked": {
        "lastModified": 1696426674,
        "narHash": "sha256-kvjfFW7WAETZlt09AgDn1MrtKzP7t90Vf7vypd3OL1U=",
        "owner": "edolstra",
        "repo": "flake-compat",
        "rev": "0f9255e01c2351cc7d116c072cb317785dd33b33",
        "type": "github"
      },
      "original": {
        "owner": "edolstra",
        "repo": "flake-compat",
        "type": "github"
      }
    },
    "home-manager": {
      "inputs": {
        "nixpkgs": [
          "nixpkgs"
        ]
      },
      "locked": {
        "lastModified": 1712390667,
        "narHash": "sha256-ebq+fJZfobqpsAdGDGpxNWSySbQejRwW9cdiil6krCo=",
        "owner": "nix-community",
        "repo": "home-manager",
        "rev": "b787726a8413e11b074cde42704b4af32d95545c",
        "type": "github"
      },
      "original": {
        "owner": "nix-community",
        "repo": "home-manager",
        "type": "github"
      }
    },
    "nixVirt": {
      "inputs": {
        "nixpkgs": [
          "nixpkgs"
        ],
        "nixpkgs-ovmf": "nixpkgs-ovmf"
      },
      "locked": {
        "lastModified": 1712515252,
        "narHash": "sha256-7s9QNF2ACwLb2pyZ+CZDFuAifa9GOcw13u/BwJQnY7Y=",
        "owner": "AshleyYakeley",
        "repo": "NixVirt",
        "rev": "da57bc855f91437bd9ee0723ea65cb1978fe9ccd",
        "type": "github"
      },
      "original": {
        "owner": "AshleyYakeley",
        "repo": "NixVirt",
        "type": "github"
      }
    },
    "nixpkgs": {
      "locked": {
        "lastModified": 1712439257,
        "narHash": "sha256-aSpiNepFOMk9932HOax0XwNxbA38GOUVOiXfUVPOrck=",
        "owner": "NixOS",
        "repo": "nixpkgs",
        "rev": "ff0dbd94265ac470dda06a657d5fe49de93b4599",
        "type": "github"
      },
      "original": {
        "owner": "NixOS",
        "ref": "nixos-unstable",
        "repo": "nixpkgs",
        "type": "github"
      }
    },
    "nixpkgs-ovmf": {
      "locked": {
        "lastModified": 1708984720,
        "narHash": "sha256-gJctErLbXx4QZBBbGp78PxtOOzsDaQ+yw1ylNQBuSUY=",
        "owner": "NixOS",
        "repo": "nixpkgs",
        "rev": "13aff9b34cc32e59d35c62ac9356e4a41198a538",
        "type": "github"
      },
      "original": {
        "owner": "NixOS",
        "ref": "nixos-unstable",
        "repo": "nixpkgs",
        "type": "github"
      }
    },
    "plasma-manager": {
      "inputs": {
        "home-manager": [
          "home-manager"
        ],
        "nixpkgs": [
          "nixpkgs"
        ]
      },
      "locked": {
        "lastModified": 1712481704,
        "narHash": "sha256-CeGW18GtFeH8nA9BPxRlNaH52y2OsU2fkDd5UWhcMBc=",
        "owner": "magnouvean",
        "repo": "plasma-manager",
        "rev": "3ed06351858113b19b08f1f767d4006c8a720630",
        "type": "github"
      },
      "original": {
        "owner": "magnouvean",
        "repo": "plasma-manager",
        "type": "github"
      }
    },
    "root": {
      "inputs": {
        "auto-cpufreq": "auto-cpufreq",
        "home-manager": "home-manager",
        "nixVirt": "nixVirt",
        "nixpkgs": "nixpkgs",
        "plasma-manager": "plasma-manager",
        "solaar": "solaar"
      }
    },
    "solaar": {
      "inputs": {
        "flake-compat": "flake-compat",
        "nixpkgs": [
          "nixpkgs"
        ]
      },
      "locked": {
        "lastModified": 1708285868,
        "narHash": "sha256-RITGsGDjhXoqwbSq+U94B+YnBB7Nx8pRPlpQGhb1Tb0=",
        "owner": "Svenum",
        "repo": "Solaar-Flake",
        "rev": "7e12d2ab703432bef5c738794d854f9acbd61def",
        "type": "github"
      },
      "original": {
        "owner": "Svenum",
        "ref": "latest",
        "repo": "Solaar-Flake",
        "type": "github"
      }
    }
  },
  "root": "root",
  "version": 7
}
