{
  "nodes": {
    "auto-cpufreq": {
      "inputs": {
        "nixpkgs": [
          "nixpkgs"
        ]
      },
      "locked": {
        "lastModified": 1712725025,
        "narHash": "sha256-tPEVWgjKte/mVc+JhE700IcxLY9nv88pAU4SVFJWfJM=",
        "owner": "AdnanHodzic",
        "repo": "auto-cpufreq",
        "rev": "5e17ee31b14b2ca1314ffb30c054fe53aaa24962",
        "type": "github"
      },
      "original": {
        "owner": "AdnanHodzic",
        "repo": "auto-cpufreq",
        "type": "github"
      }
    },
    "flake-compat": {
      "flake": false,
      "locked": {
        "lastModified": 1696426674,
        "narHash": "sha256-kvjfFW7WAETZlt09AgDn1MrtKzP7t90Vf7vypd3OL1U=",
        "owner": "edolstra",
        "repo": "flake-compat",
        "rev": "0f9255e01c2351cc7d116c072cb317785dd33b33",
        "type": "github"
      },
      "original": {
        "owner": "edolstra",
        "repo": "flake-compat",
        "type": "github"
      }
    },
    "home-manager": {
      "inputs": {
        "nixpkgs": [
          "nixpkgs"
        ]
      },
      "locked": {
        "lastModified": 1712759992,
        "narHash": "sha256-2APpO3ZW4idlgtlb8hB04u/rmIcKA8O7pYqxF66xbNY=",
        "owner": "nix-community",
        "repo": "home-manager",
        "rev": "31357486b0ef6f4e161e002b6893eeb4fafc3ca9",
        "type": "github"
      },
      "original": {
        "owner": "nix-community",
        "repo": "home-manager",
        "type": "github"
      }
    },
    "nixVirt": {
      "inputs": {
        "nixpkgs": [
          "nixpkgs"
        ],
        "nixpkgs-ovmf": "nixpkgs-ovmf"
      },
      "locked": {
        "lastModified": 1712922373,
        "narHash": "sha256-DCGw5KWzWssCe6gMj7z4t6LiaJpGx7FcTtX4q3RMzek=",
        "owner": "Svenum",
        "repo": "NixVirt",
        "rev": "a8c094d168f3915aa6950d42df6b7f73cfdbd46e",
        "type": "github"
      },
      "original": {
        "owner": "Svenum",
        "ref": "add-boot-options-for-hostdev",
        "repo": "NixVirt",
        "type": "github"
      }
    },
    "nixpkgs": {
      "locked": {
        "lastModified": 1712791164,
        "narHash": "sha256-3sbWO1mbpWsLepZGbWaMovSO7ndZeFqDSdX0hZ9nVyw=",
        "owner": "NixOS",
        "repo": "nixpkgs",
        "rev": "1042fd8b148a9105f3c0aca3a6177fd1d9360ba5",
        "type": "github"
      },
      "original": {
        "owner": "NixOS",
        "ref": "nixos-unstable",
        "repo": "nixpkgs",
        "type": "github"
      }
    },
    "nixpkgs-ovmf": {
      "locked": {
        "lastModified": 1708984720,
        "narHash": "sha256-gJctErLbXx4QZBBbGp78PxtOOzsDaQ+yw1ylNQBuSUY=",
        "owner": "NixOS",
        "repo": "nixpkgs",
        "rev": "13aff9b34cc32e59d35c62ac9356e4a41198a538",
        "type": "github"
      },
      "original": {
        "owner": "NixOS",
        "ref": "nixos-unstable",
        "repo": "nixpkgs",
        "type": "github"
      }
    },
    "plasma-manager": {
      "inputs": {
        "home-manager": [
          "home-manager"
        ],
        "nixpkgs": [
          "nixpkgs"
        ]
      },
      "locked": {
        "lastModified": 1712481704,
        "narHash": "sha256-CeGW18GtFeH8nA9BPxRlNaH52y2OsU2fkDd5UWhcMBc=",
        "owner": "magnouvean",
        "repo": "plasma-manager",
        "rev": "3ed06351858113b19b08f1f767d4006c8a720630",
        "type": "github"
      },
      "original": {
        "owner": "magnouvean",
        "repo": "plasma-manager",
        "type": "github"
      }
    },
    "root": {
      "inputs": {
        "auto-cpufreq": "auto-cpufreq",
        "home-manager": "home-manager",
        "nixVirt": "nixVirt",
        "nixpkgs": "nixpkgs",
        "plasma-manager": "plasma-manager",
        "solaar": "solaar"
      }
    },
    "solaar": {
      "inputs": {
        "flake-compat": "flake-compat",
        "nixpkgs": [
          "nixpkgs"
        ]
      },
      "locked": {
        "lastModified": 1708285868,
        "narHash": "sha256-RITGsGDjhXoqwbSq+U94B+YnBB7Nx8pRPlpQGhb1Tb0=",
        "owner": "Svenum",
        "repo": "Solaar-Flake",
        "rev": "7e12d2ab703432bef5c738794d854f9acbd61def",
        "type": "github"
      },
      "original": {
        "owner": "Svenum",
        "ref": "latest",
        "repo": "Solaar-Flake",
        "type": "github"
      }
    }
  },
  "root": "root",
  "version": 7
}
